
Microsoft Visual Studio Solution File, Format Version 12.00
# Visual Studio Version 17
VisualStudioVersion = 17.6.33723.286
MinimumVisualStudioVersion = 10.0.40219.1
Project("{FAE04EC0-301F-11D3-BF4B-00C04F79EFBC}") = "temaweek4", "temaweek4.csproj", "{733EF1A7-2B7D-4235-A35B-D14BE3AFE007}"
EndProject
Global
	GlobalSection(SolutionConfigurationPlatforms) = preSolution
		Debug|Any CPU = Debug|Any CPU
		Release|Any CPU = Release|Any CPU
	EndGlobalSection
	GlobalSection(ProjectConfigurationPlatforms) = postSolution
		{733EF1A7-2B7D-4235-A35B-D14BE3AFE007}.Debug|Any CPU.ActiveCfg = Debug|Any CPU
		{733EF1A7-2B7D-4235-A35B-D14BE3AFE007}.Debug|Any CPU.Build.0 = Debug|Any CPU
		{733EF1A7-2B7D-4235-A35B-D14BE3AFE007}.Release|Any CPU.ActiveCfg = Release|Any CPU
		{733EF1A7-2B7D-4235-A35B-D14BE3AFE007}.Release|Any CPU.Build.0 = Release|Any CPU
	EndGlobalSection
	GlobalSection(SolutionProperties) = preSolution
		HideSolutionNode = FALSE
	EndGlobalSection
	GlobalSection(ExtensibilityGlobals) = postSolution
		SolutionGuid = {89783963-54EF-4CC8-8B52-051AA64A1588}
	EndGlobalSection
EndGlobal
